
Microsoft Visual Studio Solution File, Format Version 12.00
# Visual Studio Version 17
VisualStudioVersion = 17.8.34511.84
MinimumVisualStudioVersion = 10.0.40219.1
Project("{FAE04EC0-301F-11D3-BF4B-00C04F79EFBC}") = "SoundwaveWebApi_ITStep", "SoundwaveWebApi_ITStep\SoundwaveWebApi_ITStep.csproj", "{9995E8A1-E460-4E50-9002-AE7742528BC3}"
	ProjectSection(ProjectDependencies) = postProject
		{58F91E46-765B-4078-A4F6-0B88CA3CCE87} = {58F91E46-765B-4078-A4F6-0B88CA3CCE87}
	EndProjectSection
EndProject
Project("{9A19103F-16F7-4668-BE54-9A1E7A4F7556}") = "Data", "Data\Data.csproj", "{58F91E46-765B-4078-A4F6-0B88CA3CCE87}"
EndProject
Global
	GlobalSection(SolutionConfigurationPlatforms) = preSolution
		Debug|Any CPU = Debug|Any CPU
		Release|Any CPU = Release|Any CPU
	EndGlobalSection
	GlobalSection(ProjectConfigurationPlatforms) = postSolution
		{9995E8A1-E460-4E50-9002-AE7742528BC3}.Debug|Any CPU.ActiveCfg = Debug|Any CPU
		{9995E8A1-E460-4E50-9002-AE7742528BC3}.Debug|Any CPU.Build.0 = Debug|Any CPU
		{9995E8A1-E460-4E50-9002-AE7742528BC3}.Release|Any CPU.ActiveCfg = Release|Any CPU
		{9995E8A1-E460-4E50-9002-AE7742528BC3}.Release|Any CPU.Build.0 = Release|Any CPU
		{58F91E46-765B-4078-A4F6-0B88CA3CCE87}.Debug|Any CPU.ActiveCfg = Debug|Any CPU
		{58F91E46-765B-4078-A4F6-0B88CA3CCE87}.Debug|Any CPU.Build.0 = Debug|Any CPU
		{58F91E46-765B-4078-A4F6-0B88CA3CCE87}.Release|Any CPU.ActiveCfg = Release|Any CPU
		{58F91E46-765B-4078-A4F6-0B88CA3CCE87}.Release|Any CPU.Build.0 = Release|Any CPU
	EndGlobalSection
	GlobalSection(SolutionProperties) = preSolution
		HideSolutionNode = FALSE
	EndGlobalSection
	GlobalSection(ExtensibilityGlobals) = postSolution
		SolutionGuid = {4148E6E5-D17E-4FB6-907F-C200B15216A4}
	EndGlobalSection
EndGlobal
